github.com/geektime007/util v0.0.0-20210510101350-65fe854bebd6 h1:O9MScE7117ndhOO5kB1esDKgSoTpGj8arAE9az2LvmI=
github.com/geektime007/util v0.0.0-20210510101350-65fe854bebd6/go.mod h1:py0Wd+G1aBcjUce8/nWvG72v7LDyFGa18pdL+bYsvgE=
github.com/willf/pad v0.0.0-20200313202418-172aa767f2a4 h1:Y+IMUhhlO9FLTZpNrUAMWOr7Lh0tHDKu0nrDVhp6A7o=
github.com/willf/pad v0.0.0-20200313202418-172aa767f2a4/go.mod h1:+pVHwmjc9CH7ugBFxESIwQkXkVj0gUj4cFp63TLwP1Y=
